
Microsoft Visual Studio Solution File, Format Version 12.00
# Visual Studio Version 17
VisualStudioVersion = 17.11.35312.102
MinimumVisualStudioVersion = 10.0.40219.1
Project("{FAE04EC0-301F-11D3-BF4B-00C04F79EFBC}") = "funkce", "funkce\funkce.csproj", "{4737C2EA-5563-4B9B-A7C7-9A37FB9B311C}"
EndProject
Global
	GlobalSection(SolutionConfigurationPlatforms) = preSolution
		Debug|Any CPU = Debug|Any CPU
		Release|Any CPU = Release|Any CPU
	EndGlobalSection
	GlobalSection(ProjectConfigurationPlatforms) = postSolution
		{4737C2EA-5563-4B9B-A7C7-9A37FB9B311C}.Debug|Any CPU.ActiveCfg = Debug|Any CPU
		{4737C2EA-5563-4B9B-A7C7-9A37FB9B311C}.Debug|Any CPU.Build.0 = Debug|Any CPU
		{4737C2EA-5563-4B9B-A7C7-9A37FB9B311C}.Release|Any CPU.ActiveCfg = Release|Any CPU
		{4737C2EA-5563-4B9B-A7C7-9A37FB9B311C}.Release|Any CPU.Build.0 = Release|Any CPU
	EndGlobalSection
	GlobalSection(SolutionProperties) = preSolution
		HideSolutionNode = FALSE
	EndGlobalSection
	GlobalSection(ExtensibilityGlobals) = postSolution
		SolutionGuid = {DFD7EFB5-7622-4D3E-A921-9579BD7E228B}
	EndGlobalSection
EndGlobal
