
Microsoft Visual Studio Solution File, Format Version 12.00
# Visual Studio Version 17
VisualStudioVersion = 17.14.36429.23 d17.14
MinimumVisualStudioVersion = 10.0.40219.1
Project("{FAE04EC0-301F-11D3-BF4B-00C04F79EFBC}") = "test", "test\test.csproj", "{FF187358-9CD8-45E0-A83D-A531571EF7C9}"
EndProject
Global
	GlobalSection(SolutionConfigurationPlatforms) = preSolution
		Debug|Any CPU = Debug|Any CPU
		Release|Any CPU = Release|Any CPU
	EndGlobalSection
	GlobalSection(ProjectConfigurationPlatforms) = postSolution
		{FF187358-9CD8-45E0-A83D-A531571EF7C9}.Debug|Any CPU.ActiveCfg = Debug|Any CPU
		{FF187358-9CD8-45E0-A83D-A531571EF7C9}.Debug|Any CPU.Build.0 = Debug|Any CPU
		{FF187358-9CD8-45E0-A83D-A531571EF7C9}.Release|Any CPU.ActiveCfg = Release|Any CPU
		{FF187358-9CD8-45E0-A83D-A531571EF7C9}.Release|Any CPU.Build.0 = Release|Any CPU
	EndGlobalSection
	GlobalSection(SolutionProperties) = preSolution
		HideSolutionNode = FALSE
	EndGlobalSection
	GlobalSection(ExtensibilityGlobals) = postSolution
		SolutionGuid = {21267EDF-0DCD-4D7E-B0BC-0E754D1DC8DF}
	EndGlobalSection
EndGlobal
